<?xml version="1.0" encoding="UTF-8" standalone="yes" ?>
<CodeBlocks_project_file>
	<FileVersion major="1" minor="6" />
	<Project>
		<Option title="Game" />
		<Option pch_mode="2" />
		<Option compiler="gcc" />
		<Build>
			<Target title="Debug">
				<Option output="bin/Debug/Game" prefix_auto="1" extension_auto="1" />
				<Option working_dir="bin/Debug" />
				<Option object_output="obj/Debug/" />
				<Option type="1" />
				<Option compiler="gcc" />
				<Compiler>
					<Add option="-g" />
					<Add directory="include" />
				</Compiler>
				<Linker>
					<Add option="-lSDL2" />
					<Add option="-lSDL2_image" />
					<Add option="-lSDL2_ttf" />
				</Linker>
			</Target>
			<Target title="Release">
				<Option output="bin/Release/Game" prefix_auto="1" extension_auto="1" />
				<Option object_output="obj/Release/" />
				<Option type="1" />
				<Option compiler="gcc" />
				<Compiler>
					<Add option="-O2" />
					<Add option="-std=c++11" />
					<Add directory="include" />
				</Compiler>
				<Linker>
					<Add option="-s" />
					<Add option="-lSDL2" />
					<Add option="-lSDL2_image" />
					<Add option="-lSDL2_ttf" />
				</Linker>
			</Target>
		</Build>
		<Compiler>
			<Add option="-Wall" />
			<Add option="-g" />
		</Compiler>
		<Linker>
			<Add option="-lSDL2" />
			<Add option="-lSDL2_image" />
			<Add option="-lSDL2_ttf" />
		</Linker>
		<Unit filename="include/GameLevel.h" />
		<Unit filename="include/GameMap.h" />
		<Unit filename="include/GameObject.h" />
		<Unit filename="include/Hero.h" />
		<Unit filename="include/IntroductionScreen.h" />
		<Unit filename="include/Key.h" />
		<Unit filename="include/Menu.h" />
		<Unit filename="include/Texture.h" />
		<Unit filename="include/Tile.h" />
		<Unit filename="main.cpp" />
		<Unit filename="src/GameLevel.cpp" />
		<Unit filename="src/GameMap.cpp" />
		<Unit filename="src/GameObject.cpp" />
		<Unit filename="src/Hero.cpp" />
		<Unit filename="src/IntroductionScreen.cpp" />
		<Unit filename="src/Key.cpp" />
		<Unit filename="src/Menu.cpp" />
		<Unit filename="src/Texture.cpp" />
		<Unit filename="src/Tile.cpp" />
		<Extensions>
			<code_completion />
			<envvars />
			<debugger />
			<lib_finder disable_auto="1" />
		</Extensions>
	</Project>
</CodeBlocks_project_file>
